{
  "name": "@ornery/ui-grid",
  "version": "5.0.1",
  "lockfileVersion": 3,
  "requires": true,
  "packages": {
    "": {
      "name": "@ornery/ui-grid",
      "version": "5.0.1",
      "dependencies": {
        "@ornery/ui-grid-core": "5.0.1",
        "@ornery/ui-grid-vanilla": "5.0.1",
        "tslib": "^2.8.1"
      },
      "devDependencies": {
        "@ornery/ui-grid-core": "file:../ui-grid-core",
        "@ornery/ui-grid-vanilla": "file:../ui-grid-vanilla"
      },
      "peerDependencies": {
        "@angular/common": ">=17.3.0",
        "@angular/core": ">=17.3.0",
        "rxjs": "^6.5.3 || ^7.4.0"
      }
    },
    "../ui-grid-core": {
      "name": "@ornery/ui-grid-core",
      "version": "5.0.1",
      "dev": true,
      "devDependencies": {
        "esbuild-sass-plugin": "^3.7.0",
        "sass": "^1.101.0",
        "tsup": "^8.5.1",
        "typescript": "~6.0.3",
        "vitest": "^4.1.9"
      }
    },
    "../ui-grid-vanilla": {
      "name": "@ornery/ui-grid-vanilla",
      "version": "5.0.1",
      "dev": true,
      "dependencies": {
        "@ornery/ui-grid-core": "5.0.1"
      },
      "devDependencies": {
        "@ornery/ui-grid-core": "file:../ui-grid-core",
        "happy-dom": "^20.10.6",
        "jsdom": "^29.1.1",
        "sass": "^1.101.0",
        "tsup": "^8.5.1",
        "typescript": "~6.0.3",
        "vite": "^8.1.2",
        "vitest": "^4.1.9"
      }
    },
    "node_modules/@ornery/ui-grid-core": {
      "resolved": "../ui-grid-core",
      "link": true
    },
    "node_modules/@ornery/ui-grid-vanilla": {
      "resolved": "../ui-grid-vanilla",
      "link": true
    },
    "node_modules/tslib": {
      "version": "2.8.1",
      "resolved": "https://registry.npmjs.org/tslib/-/tslib-2.8.1.tgz",
      "integrity": "sha512-oJFu94HQb+KVduSUQL7wnpmqnfmLsOA/nAh6b6EH0wCEoK0/mPeXU6c3wKDV83MkOuHPRHtSXKKU99IBazS/2w==",
      "license": "0BSD"
    }
  }
}
